
Microsoft Visual Studio Solution File, Format Version 12.00
# Visual Studio Version 17
VisualStudioVersion = 17.2.32616.157
MinimumVisualStudioVersion = 10.0.40219.1
Project("{FAE04EC0-301F-11D3-BF4B-00C04F79EFBC}") = "StockPrice", "StockPrice\StockPrice.csproj", "{C4D45FC1-82F0-4AB3-85BD-8C5D168E9B7F}"
EndProject
Project("{2150E333-8FDC-42A3-9474-1A3956D46DE8}") = "Solution Items", "Solution Items", "{75B6054E-776D-45E6-ADF5-EB4CCA9C86C3}"
	ProjectSection(SolutionItems) = preProject
		.editorconfig = .editorconfig
	EndProjectSection
EndProject
Global
	GlobalSection(SolutionConfigurationPlatforms) = preSolution
		Debug|Any CPU = Debug|Any CPU
		Release|Any CPU = Release|Any CPU
	EndGlobalSection
	GlobalSection(ProjectConfigurationPlatforms) = postSolution
		{C4D45FC1-82F0-4AB3-85BD-8C5D168E9B7F}.Debug|Any CPU.ActiveCfg = Debug|Any CPU
		{C4D45FC1-82F0-4AB3-85BD-8C5D168E9B7F}.Debug|Any CPU.Build.0 = Debug|Any CPU
		{C4D45FC1-82F0-4AB3-85BD-8C5D168E9B7F}.Release|Any CPU.ActiveCfg = Release|Any CPU
		{C4D45FC1-82F0-4AB3-85BD-8C5D168E9B7F}.Release|Any CPU.Build.0 = Release|Any CPU
	EndGlobalSection
	GlobalSection(SolutionProperties) = preSolution
		HideSolutionNode = FALSE
	EndGlobalSection
	GlobalSection(ExtensibilityGlobals) = postSolution
		SolutionGuid = {3375BAC3-E512-4463-A4F3-9AF1833CD663}
	EndGlobalSection
EndGlobal
